// !$*UTF8*$!
{
	archiveVersion = 1;
	classes = {
	};
	objectVersion = 46;
	objects = {

/* Begin PBXBuildFile section */
		2C4AF7A01B56F69200311D9C /* RoundTableViewCell.m in Sources */ = {isa = PBXBuildFile; fileRef = 2C4AF79F1B56F69200311D9C /* RoundTableViewCell.m */; };
		2C4AF7A91B57F9F900311D9C /* Round.m in Sources */ = {isa = PBXBuildFile; fileRef = 2C4AF7A81B57F9F900311D9C /* Round.m */; };
		2C4AF7AC1B57FA1700311D9C /* RoundController.m in Sources */ = {isa = PBXBuildFile; fileRef = 2C4AF7AB1B57FA1700311D9C /* RoundController.m */; };
		2C852C781B60691000F73A49 /* RoundDetailViewController.m in Sources */ = {isa = PBXBuildFile; fileRef = 2C852C771B60691000F73A49 /* RoundDetailViewController.m */; };
		2CCAC62C1B5856B90052D31E /* GameViewController.m in Sources */ = {isa = PBXBuildFile; fileRef = 2CCAC62B1B5856B90052D31E /* GameViewController.m */; };
		2CCAC6321B5859FB0052D31E /* GameViewDataSource.m in Sources */ = {isa = PBXBuildFile; fileRef = 2CCAC6311B5859FB0052D31E /* GameViewDataSource.m */; };
		2CCAC6351B585EEE0052D31E /* Game.m in Sources */ = {isa = PBXBuildFile; fileRef = 2CCAC6341B585EEE0052D31E /* Game.m */; };
		2CCAC6381B585F190052D31E /* GameController.m in Sources */ = {isa = PBXBuildFile; fileRef = 2CCAC6371B585F190052D31E /* GameController.m */; };
		2CCAC63E1B595B690052D31E /* GameEntryViewController.m in Sources */ = {isa = PBXBuildFile; fileRef = 2CCAC63D1B595B690052D31E /* GameEntryViewController.m */; };
		2CCFB61A1B55C1E200BEC153 /* main.m in Sources */ = {isa = PBXBuildFile; fileRef = 2CCFB6191B55C1E200BEC153 /* main.m */; };
		2CCFB61D1B55C1E200BEC153 /* AppDelegate.m in Sources */ = {isa = PBXBuildFile; fileRef = 2CCFB61C1B55C1E200BEC153 /* AppDelegate.m */; };
		2CCFB6201B55C1E200BEC153 /* DetailViewController.m in Sources */ = {isa = PBXBuildFile; fileRef = 2CCFB61F1B55C1E200BEC153 /* DetailViewController.m */; };
		2CCFB6231B55C1E200BEC153 /* Main.storyboard in Resources */ = {isa = PBXBuildFile; fileRef = 2CCFB6211B55C1E200BEC153 /* Main.storyboard */; };
		2CCFB6251B55C1E200BEC153 /* Images.xcassets in Resources */ = {isa = PBXBuildFile; fileRef = 2CCFB6241B55C1E200BEC153 /* Images.xcassets */; };
		2CCFB6281B55C1E200BEC153 /* LaunchScreen.xib in Resources */ = {isa = PBXBuildFile; fileRef = 2CCFB6261B55C1E200BEC153 /* LaunchScreen.xib */; };
		2CCFB6341B55C1E200BEC153 /* ScoreKeeperIBTests.m in Sources */ = {isa = PBXBuildFile; fileRef = 2CCFB6331B55C1E200BEC153 /* ScoreKeeperIBTests.m */; };
		2CCFB63F1B55C34D00BEC153 /* DetailViewDataSource.m in Sources */ = {isa = PBXBuildFile; fileRef = 2CCFB63E1B55C34D00BEC153 /* DetailViewDataSource.m */; };
/* End PBXBuildFile section */

/* Begin PBXContainerItemProxy section */
		2CCFB62E1B55C1E200BEC153 /* PBXContainerItemProxy */ = {
			isa = PBXContainerItemProxy;
			containerPortal = 2CCFB60C1B55C1E200BEC153 /* Project object */;
			proxyType = 1;
			remoteGlobalIDString = 2CCFB6131B55C1E200BEC153;
			remoteInfo = ScoreKeeperIB;
		};
/* End PBXContainerItemProxy section */

/* Begin PBXFileReference section */
		2C4AF79E1B56F69200311D9C /* RoundTableViewCell.h */ = {isa = PBXFileReference; fileEncoding = 4; lastKnownFileType = sourcecode.c.h; path = RoundTableViewCell.h; sourceTree = "<group>"; };
		2C4AF79F1B56F69200311D9C /* RoundTableViewCell.m */ = {isa = PBXFileReference; fileEncoding = 4; lastKnownFileType = sourcecode.c.objc; path = RoundTableViewCell.m; sourceTree = "<group>"; };
		2C4AF7A71B57F9F900311D9C /* Round.h */ = {isa = PBXFileReference; fileEncoding = 4; lastKnownFileType = sourcecode.c.h; path = Round.h; sourceTree = "<group>"; };
		2C4AF7A81B57F9F900311D9C /* Round.m */ = {isa = PBXFileReference; fileEncoding = 4; lastKnownFileType = sourcecode.c.objc; path = Round.m; sourceTree = "<group>"; };
		2C4AF7AA1B57FA1700311D9C /* RoundController.h */ = {isa = PBXFileReference; fileEncoding = 4; lastKnownFileType = sourcecode.c.h; path = RoundController.h; sourceTree = "<group>"; };
		2C4AF7AB1B57FA1700311D9C /* RoundController.m */ = {isa = PBXFileReference; fileEncoding = 4; lastKnownFileType = sourcecode.c.objc; path = RoundController.m; sourceTree = "<group>"; };
		2C852C761B60691000F73A49 /* RoundDetailViewController.h */ = {isa = PBXFileReference; fileEncoding = 4; lastKnownFileType = sourcecode.c.h; path = RoundDetailViewController.h; sourceTree = "<group>"; };
		2C852C771B60691000F73A49 /* RoundDetailViewController.m */ = {isa = PBXFileReference; fileEncoding = 4; lastKnownFileType = sourcecode.c.objc; path = RoundDetailViewController.m; sourceTree = "<group>"; };
		2CCAC62A1B5856B90052D31E /* GameViewController.h */ = {isa = PBXFileReference; fileEncoding = 4; lastKnownFileType = sourcecode.c.h; path = GameViewController.h; sourceTree = "<group>"; };
		2CCAC62B1B5856B90052D31E /* GameViewController.m */ = {isa = PBXFileReference; fileEncoding = 4; lastKnownFileType = sourcecode.c.objc; path = GameViewController.m; sourceTree = "<group>"; };
		2CCAC6301B5859FB0052D31E /* GameViewDataSource.h */ = {isa = PBXFileReference; fileEncoding = 4; lastKnownFileType = sourcecode.c.h; path = GameViewDataSource.h; sourceTree = "<group>"; };
		2CCAC6311B5859FB0052D31E /* GameViewDataSource.m */ = {isa = PBXFileReference; fileEncoding = 4; lastKnownFileType = sourcecode.c.objc; path = GameViewDataSource.m; sourceTree = "<group>"; };
		2CCAC6331B585EEE0052D31E /* Game.h */ = {isa = PBXFileReference; fileEncoding = 4; lastKnownFileType = sourcecode.c.h; path = Game.h; sourceTree = "<group>"; };
		2CCAC6341B585EEE0052D31E /* Game.m */ = {isa = PBXFileReference; fileEncoding = 4; lastKnownFileType = sourcecode.c.objc; path = Game.m; sourceTree = "<group>"; };
		2CCAC6361B585F190052D31E /* GameController.h */ = {isa = PBXFileReference; fileEncoding = 4; lastKnownFileType = sourcecode.c.h; path = GameController.h; sourceTree = "<group>"; };
		2CCAC6371B585F190052D31E /* GameController.m */ = {isa = PBXFileReference; fileEncoding = 4; lastKnownFileType = sourcecode.c.objc; path = GameController.m; sourceTree = "<group>"; };
		2CCAC63C1B595B690052D31E /* GameEntryViewController.h */ = {isa = PBXFileReference; fileEncoding = 4; lastKnownFileType = sourcecode.c.h; name = GameEntryViewController.h; path = ../GameEntryViewController.h; sourceTree = "<group>"; };
		2CCAC63D1B595B690052D31E /* GameEntryViewController.m */ = {isa = PBXFileReference; fileEncoding = 4; lastKnownFileType = sourcecode.c.objc; name = GameEntryViewController.m; path = ../GameEntryViewController.m; sourceTree = "<group>"; };
		2CCFB6141B55C1E200BEC153 /* ScoreKeeperIB.app */ = {isa = PBXFileReference; explicitFileType = wrapper.application; includeInIndex = 0; path = ScoreKeeperIB.app; sourceTree = BUILT_PRODUCTS_DIR; };
		2CCFB6181B55C1E200BEC153 /* Info.plist */ = {isa = PBXFileReference; lastKnownFileType = text.plist.xml; path = Info.plist; sourceTree = "<group>"; };
		2CCFB6191B55C1E200BEC153 /* main.m */ = {isa = PBXFileReference; lastKnownFileType = sourcecode.c.objc; path = main.m; sourceTree = "<group>"; };
		2CCFB61B1B55C1E200BEC153 /* AppDelegate.h */ = {isa = PBXFileReference; lastKnownFileType = sourcecode.c.h; path = AppDelegate.h; sourceTree = "<group>"; };
		2CCFB61C1B55C1E200BEC153 /* AppDelegate.m */ = {isa = PBXFileReference; lastKnownFileType = sourcecode.c.objc; path = AppDelegate.m; sourceTree = "<group>"; };
		2CCFB61E1B55C1E200BEC153 /* DetailViewController.h */ = {isa = PBXFileReference; lastKnownFileType = sourcecode.c.h; path = DetailViewController.h; sourceTree = "<group>"; };
		2CCFB61F1B55C1E200BEC153 /* DetailViewController.m */ = {isa = PBXFileReference; lastKnownFileType = sourcecode.c.objc; path = DetailViewController.m; sourceTree = "<group>"; };
		2CCFB6221B55C1E200BEC153 /* Base */ = {isa = PBXFileReference; lastKnownFileType = file.storyboard; name = Base; path = Base.lproj/Main.storyboard; sourceTree = "<group>"; };
		2CCFB6241B55C1E200BEC153 /* Images.xcassets */ = {isa = PBXFileReference; lastKnownFileType = folder.assetcatalog; path = Images.xcassets; sourceTree = "<group>"; };
		2CCFB6271B55C1E200BEC153 /* Base */ = {isa = PBXFileReference; lastKnownFileType = file.xib; name = Base; path = Base.lproj/LaunchScreen.xib; sourceTree = "<group>"; };
		2CCFB62D1B55C1E200BEC153 /* ScoreKeeperIBTests.xctest */ = {isa = PBXFileReference; explicitFileType = wrapper.cfbundle; includeInIndex = 0; path = ScoreKeeperIBTests.xctest; sourceTree = BUILT_PRODUCTS_DIR; };
		2CCFB6321B55C1E200BEC153 /* Info.plist */ = {isa = PBXFileReference; lastKnownFileType = text.plist.xml; path = Info.plist; sourceTree = "<group>"; };
		2CCFB6331B55C1E200BEC153 /* ScoreKeeperIBTests.m */ = {isa = PBXFileReference; lastKnownFileType = sourcecode.c.objc; path = ScoreKeeperIBTests.m; sourceTree = "<group>"; };
		2CCFB63D1B55C34D00BEC153 /* DetailViewDataSource.h */ = {isa = PBXFileReference; fileEncoding = 4; lastKnownFileType = sourcecode.c.h; path = DetailViewDataSource.h; sourceTree = "<group>"; };
		2CCFB63E1B55C34D00BEC153 /* DetailViewDataSource.m */ = {isa = PBXFileReference; fileEncoding = 4; lastKnownFileType = sourcecode.c.objc; path = DetailViewDataSource.m; sourceTree = "<group>"; };
/* End PBXFileReference section */

/* Begin PBXFrameworksBuildPhase section */
		2CCFB6111B55C1E200BEC153 /* Frameworks */ = {
			isa = PBXFrameworksBuildPhase;
			buildActionMask = 2147483647;
			files = (
			);
			runOnlyForDeploymentPostprocessing = 0;
		};
		2CCFB62A1B55C1E200BEC153 /* Frameworks */ = {
			isa = PBXFrameworksBuildPhase;
			buildActionMask = 2147483647;
			files = (
			);
			runOnlyForDeploymentPostprocessing = 0;
		};
/* End PBXFrameworksBuildPhase section */

/* Begin PBXGroup section */
		2CCFB60B1B55C1E200BEC153 = {
			isa = PBXGroup;
			children = (
				2CCFB6161B55C1E200BEC153 /* ScoreKeeperIB */,
				2CCFB6301B55C1E200BEC153 /* ScoreKeeperIBTests */,
				2CCFB6151B55C1E200BEC153 /* Products */,
			);
			sourceTree = "<group>";
		};
		2CCFB6151B55C1E200BEC153 /* Products */ = {
			isa = PBXGroup;
			children = (
				2CCFB6141B55C1E200BEC153 /* ScoreKeeperIB.app */,
				2CCFB62D1B55C1E200BEC153 /* ScoreKeeperIBTests.xctest */,
			);
			name = Products;
			sourceTree = "<group>";
		};
		2CCFB6161B55C1E200BEC153 /* ScoreKeeperIB */ = {
			isa = PBXGroup;
			children = (
				2CCFB61B1B55C1E200BEC153 /* AppDelegate.h */,
				2CCFB61C1B55C1E200BEC153 /* AppDelegate.m */,
				2CCAC62A1B5856B90052D31E /* GameViewController.h */,
				2CCAC62B1B5856B90052D31E /* GameViewController.m */,
				2CCAC6301B5859FB0052D31E /* GameViewDataSource.h */,
				2CCAC6311B5859FB0052D31E /* GameViewDataSource.m */,
				2CCFB61E1B55C1E200BEC153 /* DetailViewController.h */,
				2CCFB61F1B55C1E200BEC153 /* DetailViewController.m */,
				2CCFB63D1B55C34D00BEC153 /* DetailViewDataSource.h */,
				2CCFB63E1B55C34D00BEC153 /* DetailViewDataSource.m */,
				2CCAC6331B585EEE0052D31E /* Game.h */,
				2CCAC6341B585EEE0052D31E /* Game.m */,
				2CCAC6361B585F190052D31E /* GameController.h */,
				2CCAC6371B585F190052D31E /* GameController.m */,
				2CCAC63C1B595B690052D31E /* GameEntryViewController.h */,
				2CCAC63D1B595B690052D31E /* GameEntryViewController.m */,
				2C4AF79E1B56F69200311D9C /* RoundTableViewCell.h */,
				2C4AF79F1B56F69200311D9C /* RoundTableViewCell.m */,
				2C4AF7A71B57F9F900311D9C /* Round.h */,
				2C4AF7A81B57F9F900311D9C /* Round.m */,
				2C4AF7AA1B57FA1700311D9C /* RoundController.h */,
				2C4AF7AB1B57FA1700311D9C /* RoundController.m */,
				2C852C761B60691000F73A49 /* RoundDetailViewController.h */,
				2C852C771B60691000F73A49 /* RoundDetailViewController.m */,
				2CCFB6211B55C1E200BEC153 /* Main.storyboard */,
				2CCFB6241B55C1E200BEC153 /* Images.xcassets */,
				2CCFB6261B55C1E200BEC153 /* LaunchScreen.xib */,
				2CCFB6171B55C1E200BEC153 /* Supporting Files */,
			);
			path = ScoreKeeperIB;
			sourceTree = "<group>";
		};
		2CCFB6171B55C1E200BEC153 /* Supporting Files */ = {
			isa = PBXGroup;
			children = (
				2CCFB6181B55C1E200BEC153 /* Info.plist */,
				2CCFB6191B55C1E200BEC153 /* main.m */,
			);
			name = "Supporting Files";
			sourceTree = "<group>";
		};
		2CCFB6301B55C1E200BEC153 /* ScoreKeeperIBTests */ = {
			isa = PBXGroup;
			children = (
				2CCFB6331B55C1E200BEC153 /* ScoreKeeperIBTests.m */,
				2CCFB6311B55C1E200BEC153 /* Supporting Files */,
			);
			path = ScoreKeeperIBTests;
			sourceTree = "<group>";
		};
		2CCFB6311B55C1E200BEC153 /* Supporting Files */ = {
			isa = PBXGroup;
			children = (
				2CCFB6321B55C1E200BEC153 /* Info.plist */,
			);
			name = "Supporting Files";
			sourceTree = "<group>";
		};
/* End PBXGroup section */

/* Begin PBXNativeTarget section */
		2CCFB6131B55C1E200BEC153 /* ScoreKeeperIB */ = {
			isa = PBXNativeTarget;
			buildConfigurationList = 2CCFB6371B55C1E200BEC153 /* Build configuration list for PBXNativeTarget "ScoreKeeperIB" */;
			buildPhases = (
				2CCFB6101B55C1E200BEC153 /* Sources */,
				2CCFB6111B55C1E200BEC153 /* Frameworks */,
				2CCFB6121B55C1E200BEC153 /* Resources */,
			);
			buildRules = (
			);
			dependencies = (
			);
			name = ScoreKeeperIB;
			productName = ScoreKeeperIB;
			productReference = 2CCFB6141B55C1E200BEC153 /* ScoreKeeperIB.app */;
			productType = "com.apple.product-type.application";
		};
		2CCFB62C1B55C1E200BEC153 /* ScoreKeeperIBTests */ = {
			isa = PBXNativeTarget;
			buildConfigurationList = 2CCFB63A1B55C1E200BEC153 /* Build configuration list for PBXNativeTarget "ScoreKeeperIBTests" */;
			buildPhases = (
				2CCFB6291B55C1E200BEC153 /* Sources */,
				2CCFB62A1B55C1E200BEC153 /* Frameworks */,
				2CCFB62B1B55C1E200BEC153 /* Resources */,
			);
			buildRules = (
			);
			dependencies = (
				2CCFB62F1B55C1E200BEC153 /* PBXTargetDependency */,
			);
			name = ScoreKeeperIBTests;
			productName = ScoreKeeperIBTests;
			productReference = 2CCFB62D1B55C1E200BEC153 /* ScoreKeeperIBTests.xctest */;
			productType = "com.apple.product-type.bundle.unit-test";
		};
/* End PBXNativeTarget section */

/* Begin PBXProject section */
		2CCFB60C1B55C1E200BEC153 /* Project object */ = {
			isa = PBXProject;
			attributes = {
				LastUpgradeCheck = 0630;
				ORGANIZATIONNAME = MichelleTessier;
				TargetAttributes = {
					2CCFB6131B55C1E200BEC153 = {
						CreatedOnToolsVersion = 6.3.2;
					};
					2CCFB62C1B55C1E200BEC153 = {
						CreatedOnToolsVersion = 6.3.2;
						TestTargetID = 2CCFB6131B55C1E200BEC153;
					};
				};
			};
			buildConfigurationList = 2CCFB60F1B55C1E200BEC153 /* Build configuration list for PBXProject "ScoreKeeperIB" */;
			compatibilityVersion = "Xcode 3.2";
			developmentRegion = English;
			hasScannedForEncodings = 0;
			knownRegions = (
				en,
				Base,
			);
			mainGroup = 2CCFB60B1B55C1E200BEC153;
			productRefGroup = 2CCFB6151B55C1E200BEC153 /* Products */;
			projectDirPath = "";
			projectRoot = "";
			targets = (
				2CCFB6131B55C1E200BEC153 /* ScoreKeeperIB */,
				2CCFB62C1B55C1E200BEC153 /* ScoreKeeperIBTests */,
			);
		};
/* End PBXProject section */

/* Begin PBXResourcesBuildPhase section */
		2CCFB6121B55C1E200BEC153 /* Resources */ = {
			isa = PBXResourcesBuildPhase;
			buildActionMask = 2147483647;
			files = (
				2CCFB6231B55C1E200BEC153 /* Main.storyboard in Resources */,
				2CCFB6281B55C1E200BEC153 /* LaunchScreen.xib in Resources */,
				2CCFB6251B55C1E200BEC153 /* Images.xcassets in Resources */,
			);
			runOnlyForDeploymentPostprocessing = 0;
		};
		2CCFB62B1B55C1E200BEC153 /* Resources */ = {
			isa = PBXResourcesBuildPhase;
			buildActionMask = 2147483647;
			files = (
			);
			runOnlyForDeploymentPostprocessing = 0;
		};
/* End PBXResourcesBuildPhase section */

/* Begin PBXSourcesBuildPhase section */
		2CCFB6101B55C1E200BEC153 /* Sources */ = {
			isa = PBXSourcesBuildPhase;
			buildActionMask = 2147483647;
			files = (
				2CCFB6201B55C1E200BEC153 /* DetailViewController.m in Sources */,
				2CCFB63F1B55C34D00BEC153 /* DetailViewDataSource.m in Sources */,
				2CCAC62C1B5856B90052D31E /* GameViewController.m in Sources */,
				2CCFB61D1B55C1E200BEC153 /* AppDelegate.m in Sources */,
				2CCAC6381B585F190052D31E /* GameController.m in Sources */,
				2CCFB61A1B55C1E200BEC153 /* main.m in Sources */,
				2CCAC6351B585EEE0052D31E /* Game.m in Sources */,
				2C4AF7AC1B57FA1700311D9C /* RoundController.m in Sources */,
				2C4AF7A91B57F9F900311D9C /* Round.m in Sources */,
				2CCAC6321B5859FB0052D31E /* GameViewDataSource.m in Sources */,
				2C852C781B60691000F73A49 /* RoundDetailViewController.m in Sources */,
				2C4AF7A01B56F69200311D9C /* RoundTableViewCell.m in Sources */,
				2CCAC63E1B595B690052D31E /* GameEntryViewController.m in Sources */,
			);
			runOnlyForDeploymentPostprocessing = 0;
		};
		2CCFB6291B55C1E200BEC153 /* Sources */ = {
			isa = PBXSourcesBuildPhase;
			buildActionMask = 2147483647;
			files = (
				2CCFB6341B55C1E200BEC153 /* ScoreKeeperIBTests.m in Sources */,
			);
			runOnlyForDeploymentPostprocessing = 0;
		};
/* End PBXSourcesBuildPhase section */

/* Begin PBXTargetDependency section */
		2CCFB62F1B55C1E200BEC153 /* PBXTargetDependency */ = {
			isa = PBXTargetDependency;
			target = 2CCFB6131B55C1E200BEC153 /* ScoreKeeperIB */;
			targetProxy = 2CCFB62E1B55C1E200BEC153 /* PBXContainerItemProxy */;
		};
/* End PBXTargetDependency section */

/* Begin PBXVariantGroup section */
		2CCFB6211B55C1E200BEC153 /* Main.storyboard */ = {
			isa = PBXVariantGroup;
			children = (
				2CCFB6221B55C1E200BEC153 /* Base */,
			);
			name = Main.storyboard;
			sourceTree = "<group>";
		};
		2CCFB6261B55C1E200BEC153 /* LaunchScreen.xib */ = {
			isa = PBXVariantGroup;
			children = (
				2CCFB6271B55C1E200BEC153 /* Base */,
			);
			name = LaunchScreen.xib;
			sourceTree = "<group>";
		};
/* End PBXVariantGroup section */

/* Begin XCBuildConfiguration section */
		2CCFB6351B55C1E200BEC153 /* Debug */ = {
			isa = XCBuildConfiguration;
			buildSettings = {
				ALWAYS_SEARCH_USER_PATHS = NO;
				CLANG_CXX_LANGUAGE_STANDARD = "gnu++0x";
				CLANG_CXX_LIBRARY = "libc++";
				CLANG_ENABLE_MODULES = YES;
				CLANG_ENABLE_OBJC_ARC = YES;
				CLANG_WARN_BOOL_CONVERSION = YES;
				CLANG_WARN_CONSTANT_CONVERSION = YES;
				CLANG_WARN_DIRECT_OBJC_ISA_USAGE = YES_ERROR;
				CLANG_WARN_EMPTY_BODY = YES;
				CLANG_WARN_ENUM_CONVERSION = YES;
				CLANG_WARN_INT_CONVERSION = YES;
				CLANG_WARN_OBJC_ROOT_CLASS = YES_ERROR;
				CLANG_WARN_UNREACHABLE_CODE = YES;
				CLANG_WARN__DUPLICATE_METHOD_MATCH = YES;
				"CODE_SIGN_IDENTITY[sdk=iphoneos*]" = "iPhone Developer";
				COPY_PHASE_STRIP = NO;
				DEBUG_INFORMATION_FORMAT = "dwarf-with-dsym";
				ENABLE_STRICT_OBJC_MSGSEND = YES;
				GCC_C_LANGUAGE_STANDARD = gnu99;
				GCC_DYNAMIC_NO_PIC = NO;
				GCC_NO_COMMON_BLOCKS = YES;
				GCC_OPTIMIZATION_LEVEL = 0;
				GCC_PREPROCESSOR_DEFINITIONS = (
					"DEBUG=1",
					"$(inherited)",
				);
				GCC_SYMBOLS_PRIVATE_EXTERN = NO;
				GCC_WARN_64_TO_32_BIT_CONVERSION = YES;
				GCC_WARN_ABOUT_RETURN_TYPE = YES_ERROR;
				GCC_WARN_UNDECLARED_SELECTOR = YES;
				GCC_WARN_UNINITIALIZED_AUTOS = YES_AGGRESSIVE;
				GCC_WARN_UNUSED_FUNCTION = YES;
				GCC_WARN_UNUSED_VARIABLE = YES;
				IPHONEOS_DEPLOYMENT_TARGET = 8.3;
				MTL_ENABLE_DEBUG_INFO = YES;
				ONLY_ACTIVE_ARCH = YES;
				SDKROOT = iphoneos;
			};
			name = Debug;
		};
		2CCFB6361B55C1E200BEC153 /* Release */ = {
			isa = XCBuildConfiguration;
			buildSettings = {
				ALWAYS_SEARCH_USER_PATHS = NO;
				CLANG_CXX_LANGUAGE_STANDARD = "gnu++0x";
				CLANG_CXX_LIBRARY = "libc++";
				CLANG_ENABLE_MODULES = YES;
				CLANG_ENABLE_OBJC_ARC = YES;
				CLANG_WARN_BOOL_CONVERSION = YES;
				CLANG_WARN_CONSTANT_CONVERSION = YES;
				CLANG_WARN_DIRECT_OBJC_ISA_USAGE = YES_ERROR;
				CLANG_WARN_EMPTY_BODY = YES;
				CLANG_WARN_ENUM_CONVERSION = YES;
				CLANG_WARN_INT_CONVERSION = YES;
				CLANG_WARN_OBJC_ROOT_CLASS = YES_ERROR;
				CLANG_WARN_UNREACHABLE_CODE = YES;
				CLANG_WARN__DUPLICATE_METHOD_MATCH = YES;
				"CODE_SIGN_IDENTITY[sdk=iphoneos*]" = "iPhone Developer";
				COPY_PHASE_STRIP = NO;
				DEBUG_INFORMATION_FORMAT = "dwarf-with-dsym";
				ENABLE_NS_ASSERTIONS = NO;
				ENABLE_STRICT_OBJC_MSGSEND = YES;
				GCC_C_LANGUAGE_STANDARD = gnu99;
				GCC_NO_COMMON_BLOCKS = YES;
				GCC_WARN_64_TO_32_BIT_CONVERSION = YES;
				GCC_WARN_ABOUT_RETURN_TYPE = YES_ERROR;
				GCC_WARN_UNDECLARED_SELECTOR = YES;
				GCC_WARN_UNINITIALIZED_AUTOS = YES_AGGRESSIVE;
				GCC_WARN_UNUSED_FUNCTION = YES;
				GCC_WARN_UNUSED_VARIABLE = YES;
				IPHONEOS_DEPLOYMENT_TARGET = 8.3;
				MTL_ENABLE_DEBUG_INFO = NO;
				SDKROOT = iphoneos;
				VALIDATE_PRODUCT = YES;
			};
			name = Release;
		};
		2CCFB6381B55C1E200BEC153 /* Debug */ = {
			isa = XCBuildConfiguration;
			buildSettings = {
				ASSETCATALOG_COMPILER_APPICON_NAME = AppIcon;
				INFOPLIST_FILE = ScoreKeeperIB/Info.plist;
				LD_RUNPATH_SEARCH_PATHS = "$(inherited) @executable_path/Frameworks";
				PRODUCT_NAME = "$(TARGET_NAME)";
			};
			name = Debug;
		};
		2CCFB6391B55C1E200BEC153 /* Release */ = {
			isa = XCBuildConfiguration;
			buildSettings = {
				ASSETCATALOG_COMPILER_APPICON_NAME = AppIcon;
				INFOPLIST_FILE = ScoreKeeperIB/Info.plist;
				LD_RUNPATH_SEARCH_PATHS = "$(inherited) @executable_path/Frameworks";
				PRODUCT_NAME = "$(TARGET_NAME)";
			};
			name = Release;
		};
		2CCFB63B1B55C1E200BEC153 /* Debug */ = {
			isa = XCBuildConfiguration;
			buildSettings = {
				BUNDLE_LOADER = "$(TEST_HOST)";
				FRAMEWORK_SEARCH_PATHS = (
					"$(SDKROOT)/Developer/Library/Frameworks",
					"$(inherited)",
				);
				GCC_PREPROCESSOR_DEFINITIONS = (
					"DEBUG=1",
					"$(inherited)",
				);
				INFOPLIST_FILE = ScoreKeeperIBTests/Info.plist;
				LD_RUNPATH_SEARCH_PATHS = "$(inherited) @executable_path/Frameworks @loader_path/Frameworks";
				PRODUCT_NAME = "$(TARGET_NAME)";
				TEST_HOST = "$(BUILT_PRODUCTS_DIR)/ScoreKeeperIB.app/ScoreKeeperIB";
			};
			name = Debug;
		};
		2CCFB63C1B55C1E200BEC153 /* Release */ = {
			isa = XCBuildConfiguration;
			buildSettings = {
				BUNDLE_LOADER = "$(TEST_HOST)";
				FRAMEWORK_SEARCH_PATHS = (
					"$(SDKROOT)/Developer/Library/Frameworks",
					"$(inherited)",
				);
				INFOPLIST_FILE = ScoreKeeperIBTests/Info.plist;
				LD_RUNPATH_SEARCH_PATHS = "$(inherited) @executable_path/Frameworks @loader_path/Frameworks";
				PRODUCT_NAME = "$(TARGET_NAME)";
				TEST_HOST = "$(BUILT_PRODUCTS_DIR)/ScoreKeeperIB.app/ScoreKeeperIB";
			};
			name = Release;
		};
/* End XCBuildConfiguration section */

/* Begin XCConfigurationList section */
		2CCFB60F1B55C1E200BEC153 /* Build configuration list for PBXProject "ScoreKeeperIB" */ = {
			isa = XCConfigurationList;
			buildConfigurations = (
				2CCFB6351B55C1E200BEC153 /* Debug */,
				2CCFB6361B55C1E200BEC153 /* Release */,
			);
			defaultConfigurationIsVisible = 0;
			defaultConfigurationName = Release;
		};
		2CCFB6371B55C1E200BEC153 /* Build configuration list for PBXNativeTarget "ScoreKeeperIB" */ = {
			isa = XCConfigurationList;
			buildConfigurations = (
				2CCFB6381B55C1E200BEC153 /* Debug */,
				2CCFB6391B55C1E200BEC153 /* Release */,
			);
			defaultConfigurationIsVisible = 0;
			defaultConfigurationName = Release;
		};
		2CCFB63A1B55C1E200BEC153 /* Build configuration list for PBXNativeTarget "ScoreKeeperIBTests" */ = {
			isa = XCConfigurationList;
			buildConfigurations = (
				2CCFB63B1B55C1E200BEC153 /* Debug */,
				2CCFB63C1B55C1E200BEC153 /* Release */,
			);
			defaultConfigurationIsVisible = 0;
			defaultConfigurationName = Release;
		};
/* End XCConfigurationList section */
	};
	rootObject = 2CCFB60C1B55C1E200BEC153 /* Project object */;
}
